// !$*UTF8*$!
{
	archiveVersion = 1;
	classes = {
	};
	objectVersion = 50;
	objects = {

/* Begin PBXBuildFile section */
		3050D0482603B18300B36104 /* AppDelegate.swift in Sources */ = {isa = PBXBuildFile; fileRef = 3050D0472603B18300B36104 /* AppDelegate.swift */; };
		3050D04A2603B18300B36104 /* SceneDelegate.swift in Sources */ = {isa = PBXBuildFile; fileRef = 3050D0492603B18300B36104 /* SceneDelegate.swift */; };
		3050D04C2603B18300B36104 /* ViewController.swift in Sources */ = {isa = PBXBuildFile; fileRef = 3050D04B2603B18300B36104 /* ViewController.swift */; };
		3050D04F2603B18300B36104 /* Main.storyboard in Resources */ = {isa = PBXBuildFile; fileRef = 3050D04D2603B18300B36104 /* Main.storyboard */; };
		3050D0512603B18600B36104 /* Assets.xcassets in Resources */ = {isa = PBXBuildFile; fileRef = 3050D0502603B18600B36104 /* Assets.xcassets */; };
		3050D0542603B18600B36104 /* LaunchScreen.storyboard in Resources */ = {isa = PBXBuildFile; fileRef = 3050D0522603B18600B36104 /* LaunchScreen.storyboard */; };
		3050D05F2603B18600B36104 /* GitHubActionProjectTests.swift in Sources */ = {isa = PBXBuildFile; fileRef = 3050D05E2603B18600B36104 /* GitHubActionProjectTests.swift */; };
		3050D06A2603B18700B36104 /* GitHubActionProjectUITests.swift in Sources */ = {isa = PBXBuildFile; fileRef = 3050D0692603B18700B36104 /* GitHubActionProjectUITests.swift */; };
/* End PBXBuildFile section */

/* Begin PBXContainerItemProxy section */
		3050D05B2603B18600B36104 /* PBXContainerItemProxy */ = {
			isa = PBXContainerItemProxy;
			containerPortal = 3050D03C2603B18300B36104 /* Project object */;
			proxyType = 1;
			remoteGlobalIDString = 3050D0432603B18300B36104;
			remoteInfo = GitHubActionProject;
		};
		3050D0662603B18700B36104 /* PBXContainerItemProxy */ = {
			isa = PBXContainerItemProxy;
			containerPortal = 3050D03C2603B18300B36104 /* Project object */;
			proxyType = 1;
			remoteGlobalIDString = 3050D0432603B18300B36104;
			remoteInfo = GitHubActionProject;
		};
/* End PBXContainerItemProxy section */

/* Begin PBXFileReference section */
		3050D0442603B18300B36104 /* GitHubActionProject.app */ = {isa = PBXFileReference; explicitFileType = wrapper.application; includeInIndex = 0; path = GitHubActionProject.app; sourceTree = BUILT_PRODUCTS_DIR; };
		3050D0472603B18300B36104 /* AppDelegate.swift */ = {isa = PBXFileReference; lastKnownFileType = sourcecode.swift; path = AppDelegate.swift; sourceTree = "<group>"; };
		3050D0492603B18300B36104 /* SceneDelegate.swift */ = {isa = PBXFileReference; lastKnownFileType = sourcecode.swift; path = SceneDelegate.swift; sourceTree = "<group>"; };
		3050D04B2603B18300B36104 /* ViewController.swift */ = {isa = PBXFileReference; lastKnownFileType = sourcecode.swift; path = ViewController.swift; sourceTree = "<group>"; };
		3050D04E2603B18300B36104 /* Base */ = {isa = PBXFileReference; lastKnownFileType = file.storyboard; name = Base; path = Base.lproj/Main.storyboard; sourceTree = "<group>"; };
		3050D0502603B18600B36104 /* Assets.xcassets */ = {isa = PBXFileReference; lastKnownFileType = folder.assetcatalog; path = Assets.xcassets; sourceTree = "<group>"; };
		3050D0532603B18600B36104 /* Base */ = {isa = PBXFileReference; lastKnownFileType = file.storyboard; name = Base; path = Base.lproj/LaunchScreen.storyboard; sourceTree = "<group>"; };
		3050D0552603B18600B36104 /* Info.plist */ = {isa = PBXFileReference; lastKnownFileType = text.plist.xml; path = Info.plist; sourceTree = "<group>"; };
		3050D05A2603B18600B36104 /* GitHubActionProjectTests.xctest */ = {isa = PBXFileReference; explicitFileType = wrapper.cfbundle; includeInIndex = 0; path = GitHubActionProjectTests.xctest; sourceTree = BUILT_PRODUCTS_DIR; };
		3050D05E2603B18600B36104 /* GitHubActionProjectTests.swift */ = {isa = PBXFileReference; lastKnownFileType = sourcecode.swift; path = GitHubActionProjectTests.swift; sourceTree = "<group>"; };
		3050D0602603B18600B36104 /* Info.plist */ = {isa = PBXFileReference; lastKnownFileType = text.plist.xml; path = Info.plist; sourceTree = "<group>"; };
		3050D0652603B18700B36104 /* GitHubActionProjectUITests.xctest */ = {isa = PBXFileReference; explicitFileType = wrapper.cfbundle; includeInIndex = 0; path = GitHubActionProjectUITests.xctest; sourceTree = BUILT_PRODUCTS_DIR; };
		3050D0692603B18700B36104 /* GitHubActionProjectUITests.swift */ = {isa = PBXFileReference; lastKnownFileType = sourcecode.swift; path = GitHubActionProjectUITests.swift; sourceTree = "<group>"; };
		3050D06B2603B18700B36104 /* Info.plist */ = {isa = PBXFileReference; lastKnownFileType = text.plist.xml; path = Info.plist; sourceTree = "<group>"; };
/* End PBXFileReference section */

/* Begin PBXFrameworksBuildPhase section */
		3050D0412603B18300B36104 /* Frameworks */ = {
			isa = PBXFrameworksBuildPhase;
			buildActionMask = 2147483647;
			files = (
			);
			runOnlyForDeploymentPostprocessing = 0;
		};
		3050D0572603B18600B36104 /* Frameworks */ = {
			isa = PBXFrameworksBuildPhase;
			buildActionMask = 2147483647;
			files = (
			);
			runOnlyForDeploymentPostprocessing = 0;
		};
		3050D0622603B18700B36104 /* Frameworks */ = {
			isa = PBXFrameworksBuildPhase;
			buildActionMask = 2147483647;
			files = (
			);
			runOnlyForDeploymentPostprocessing = 0;
		};
/* End PBXFrameworksBuildPhase section */

/* Begin PBXGroup section */
		3050D03B2603B18300B36104 = {
			isa = PBXGroup;
			children = (
				3050D0462603B18300B36104 /* GitHubActionProject */,
				3050D05D2603B18600B36104 /* GitHubActionProjectTests */,
				3050D0682603B18700B36104 /* GitHubActionProjectUITests */,
				3050D0452603B18300B36104 /* Products */,
			);
			sourceTree = "<group>";
		};
		3050D0452603B18300B36104 /* Products */ = {
			isa = PBXGroup;
			children = (
				3050D0442603B18300B36104 /* GitHubActionProject.app */,
				3050D05A2603B18600B36104 /* GitHubActionProjectTests.xctest */,
				3050D0652603B18700B36104 /* GitHubActionProjectUITests.xctest */,
			);
			name = Products;
			sourceTree = "<group>";
		};
		3050D0462603B18300B36104 /* GitHubActionProject */ = {
			isa = PBXGroup;
			children = (
				3050D0472603B18300B36104 /* AppDelegate.swift */,
				3050D0492603B18300B36104 /* SceneDelegate.swift */,
				3050D04B2603B18300B36104 /* ViewController.swift */,
				3050D04D2603B18300B36104 /* Main.storyboard */,
				3050D0502603B18600B36104 /* Assets.xcassets */,
				3050D0522603B18600B36104 /* LaunchScreen.storyboard */,
				3050D0552603B18600B36104 /* Info.plist */,
			);
			path = GitHubActionProject;
			sourceTree = "<group>";
		};
		3050D05D2603B18600B36104 /* GitHubActionProjectTests */ = {
			isa = PBXGroup;
			children = (
				3050D05E2603B18600B36104 /* GitHubActionProjectTests.swift */,
				3050D0602603B18600B36104 /* Info.plist */,
			);
			path = GitHubActionProjectTests;
			sourceTree = "<group>";
		};
		3050D0682603B18700B36104 /* GitHubActionProjectUITests */ = {
			isa = PBXGroup;
			children = (
				3050D0692603B18700B36104 /* GitHubActionProjectUITests.swift */,
				3050D06B2603B18700B36104 /* Info.plist */,
			);
			path = GitHubActionProjectUITests;
			sourceTree = "<group>";
		};
/* End PBXGroup section */

/* Begin PBXNativeTarget section */
		3050D0432603B18300B36104 /* GitHubActionProject */ = {
			isa = PBXNativeTarget;
			buildConfigurationList = 3050D06E2603B18700B36104 /* Build configuration list for PBXNativeTarget "GitHubActionProject" */;
			buildPhases = (
				3050D0402603B18300B36104 /* Sources */,
				3050D0412603B18300B36104 /* Frameworks */,
				3050D0422603B18300B36104 /* Resources */,
			);
			buildRules = (
			);
			dependencies = (
			);
			name = GitHubActionProject;
			productName = GitHubActionProject;
			productReference = 3050D0442603B18300B36104 /* GitHubActionProject.app */;
			productType = "com.apple.product-type.application";
		};
		3050D0592603B18600B36104 /* GitHubActionProjectTests */ = {
			isa = PBXNativeTarget;
			buildConfigurationList = 3050D0712603B18700B36104 /* Build configuration list for PBXNativeTarget "GitHubActionProjectTests" */;
			buildPhases = (
				3050D0562603B18600B36104 /* Sources */,
				3050D0572603B18600B36104 /* Frameworks */,
				3050D0582603B18600B36104 /* Resources */,
			);
			buildRules = (
			);
			dependencies = (
				3050D05C2603B18600B36104 /* PBXTargetDependency */,
			);
			name = GitHubActionProjectTests;
			productName = GitHubActionProjectTests;
			productReference = 3050D05A2603B18600B36104 /* GitHubActionProjectTests.xctest */;
			productType = "com.apple.product-type.bundle.unit-test";
		};
		3050D0642603B18700B36104 /* GitHubActionProjectUITests */ = {
			isa = PBXNativeTarget;
			buildConfigurationList = 3050D0742603B18700B36104 /* Build configuration list for PBXNativeTarget "GitHubActionProjectUITests" */;
			buildPhases = (
				3050D0612603B18700B36104 /* Sources */,
				3050D0622603B18700B36104 /* Frameworks */,
				3050D0632603B18700B36104 /* Resources */,
			);
			buildRules = (
			);
			dependencies = (
				3050D0672603B18700B36104 /* PBXTargetDependency */,
			);
			name = GitHubActionProjectUITests;
			productName = GitHubActionProjectUITests;
			productReference = 3050D0652603B18700B36104 /* GitHubActionProjectUITests.xctest */;
			productType = "com.apple.product-type.bundle.ui-testing";
		};
/* End PBXNativeTarget section */

/* Begin PBXProject section */
		3050D03C2603B18300B36104 /* Project object */ = {
			isa = PBXProject;
			attributes = {
				LastSwiftUpdateCheck = 1240;
				LastUpgradeCheck = 1240;
				TargetAttributes = {
					3050D0432603B18300B36104 = {
						CreatedOnToolsVersion = 12.4;
					};
					3050D0592603B18600B36104 = {
						CreatedOnToolsVersion = 12.4;
						TestTargetID = 3050D0432603B18300B36104;
					};
					3050D0642603B18700B36104 = {
						CreatedOnToolsVersion = 12.4;
						TestTargetID = 3050D0432603B18300B36104;
					};
				};
			};
			buildConfigurationList = 3050D03F2603B18300B36104 /* Build configuration list for PBXProject "GitHubActionProject" */;
			compatibilityVersion = "Xcode 9.3";
			developmentRegion = en;
			hasScannedForEncodings = 0;
			knownRegions = (
				en,
				Base,
			);
			mainGroup = 3050D03B2603B18300B36104;
			productRefGroup = 3050D0452603B18300B36104 /* Products */;
			projectDirPath = "";
			projectRoot = "";
			targets = (
				3050D0432603B18300B36104 /* GitHubActionProject */,
				3050D0592603B18600B36104 /* GitHubActionProjectTests */,
				3050D0642603B18700B36104 /* GitHubActionProjectUITests */,
			);
		};
/* End PBXProject section */

/* Begin PBXResourcesBuildPhase section */
		3050D0422603B18300B36104 /* Resources */ = {
			isa = PBXResourcesBuildPhase;
			buildActionMask = 2147483647;
			files = (
				3050D0542603B18600B36104 /* LaunchScreen.storyboard in Resources */,
				3050D0512603B18600B36104 /* Assets.xcassets in Resources */,
				3050D04F2603B18300B36104 /* Main.storyboard in Resources */,
			);
			runOnlyForDeploymentPostprocessing = 0;
		};
		3050D0582603B18600B36104 /* Resources */ = {
			isa = PBXResourcesBuildPhase;
			buildActionMask = 2147483647;
			files = (
			);
			runOnlyForDeploymentPostprocessing = 0;
		};
		3050D0632603B18700B36104 /* Resources */ = {
			isa = PBXResourcesBuildPhase;
			buildActionMask = 2147483647;
			files = (
			);
			runOnlyForDeploymentPostprocessing = 0;
		};
/* End PBXResourcesBuildPhase section */

/* Begin PBXSourcesBuildPhase section */
		3050D0402603B18300B36104 /* Sources */ = {
			isa = PBXSourcesBuildPhase;
			buildActionMask = 2147483647;
			files = (
				3050D04C2603B18300B36104 /* ViewController.swift in Sources */,
				3050D0482603B18300B36104 /* AppDelegate.swift in Sources */,
				3050D04A2603B18300B36104 /* SceneDelegate.swift in Sources */,
			);
			runOnlyForDeploymentPostprocessing = 0;
		};
		3050D0562603B18600B36104 /* Sources */ = {
			isa = PBXSourcesBuildPhase;
			buildActionMask = 2147483647;
			files = (
				3050D05F2603B18600B36104 /* GitHubActionProjectTests.swift in Sources */,
			);
			runOnlyForDeploymentPostprocessing = 0;
		};
		3050D0612603B18700B36104 /* Sources */ = {
			isa = PBXSourcesBuildPhase;
			buildActionMask = 2147483647;
			files = (
				3050D06A2603B18700B36104 /* GitHubActionProjectUITests.swift in Sources */,
			);
			runOnlyForDeploymentPostprocessing = 0;
		};
/* End PBXSourcesBuildPhase section */

/* Begin PBXTargetDependency section */
		3050D05C2603B18600B36104 /* PBXTargetDependency */ = {
			isa = PBXTargetDependency;
			target = 3050D0432603B18300B36104 /* GitHubActionProject */;
			targetProxy = 3050D05B2603B18600B36104 /* PBXContainerItemProxy */;
		};
		3050D0672603B18700B36104 /* PBXTargetDependency */ = {
			isa = PBXTargetDependency;
			target = 3050D0432603B18300B36104 /* GitHubActionProject */;
			targetProxy = 3050D0662603B18700B36104 /* PBXContainerItemProxy */;
		};
/* End PBXTargetDependency section */

/* Begin PBXVariantGroup section */
		3050D04D2603B18300B36104 /* Main.storyboard */ = {
			isa = PBXVariantGroup;
			children = (
				3050D04E2603B18300B36104 /* Base */,
			);
			name = Main.storyboard;
			sourceTree = "<group>";
		};
		3050D0522603B18600B36104 /* LaunchScreen.storyboard */ = {
			isa = PBXVariantGroup;
			children = (
				3050D0532603B18600B36104 /* Base */,
			);
			name = LaunchScreen.storyboard;
			sourceTree = "<group>";
		};
/* End PBXVariantGroup section */

/* Begin XCBuildConfiguration section */
		3050D06C2603B18700B36104 /* Debug */ = {
			isa = XCBuildConfiguration;
			buildSettings = {
				ALWAYS_SEARCH_USER_PATHS = NO;
				CLANG_ANALYZER_NONNULL = YES;
				CLANG_ANALYZER_NUMBER_OBJECT_CONVERSION = YES_AGGRESSIVE;
				CLANG_CXX_LANGUAGE_STANDARD = "gnu++14";
				CLANG_CXX_LIBRARY = "libc++";
				CLANG_ENABLE_MODULES = YES;
				CLANG_ENABLE_OBJC_ARC = YES;
				CLANG_ENABLE_OBJC_WEAK = YES;
				CLANG_WARN_BLOCK_CAPTURE_AUTORELEASING = YES;
				CLANG_WARN_BOOL_CONVERSION = YES;
				CLANG_WARN_COMMA = YES;
				CLANG_WARN_CONSTANT_CONVERSION = YES;
				CLANG_WARN_DEPRECATED_OBJC_IMPLEMENTATIONS = YES;
				CLANG_WARN_DIRECT_OBJC_ISA_USAGE = YES_ERROR;
				CLANG_WARN_DOCUMENTATION_COMMENTS = YES;
				CLANG_WARN_EMPTY_BODY = YES;
				CLANG_WARN_ENUM_CONVERSION = YES;
				CLANG_WARN_INFINITE_RECURSION = YES;
				CLANG_WARN_INT_CONVERSION = YES;
				CLANG_WARN_NON_LITERAL_NULL_CONVERSION = YES;
				CLANG_WARN_OBJC_IMPLICIT_RETAIN_SELF = YES;
				CLANG_WARN_OBJC_LITERAL_CONVERSION = YES;
				CLANG_WARN_OBJC_ROOT_CLASS = YES_ERROR;
				CLANG_WARN_QUOTED_INCLUDE_IN_FRAMEWORK_HEADER = YES;
				CLANG_WARN_RANGE_LOOP_ANALYSIS = YES;
				CLANG_WARN_STRICT_PROTOTYPES = YES;
				CLANG_WARN_SUSPICIOUS_MOVE = YES;
				CLANG_WARN_UNGUARDED_AVAILABILITY = YES_AGGRESSIVE;
				CLANG_WARN_UNREACHABLE_CODE = YES;
				CLANG_WARN__DUPLICATE_METHOD_MATCH = YES;
				COPY_PHASE_STRIP = NO;
				DEBUG_INFORMATION_FORMAT = dwarf;
				ENABLE_STRICT_OBJC_MSGSEND = YES;
				ENABLE_TESTABILITY = YES;
				GCC_C_LANGUAGE_STANDARD = gnu11;
				GCC_DYNAMIC_NO_PIC = NO;
				GCC_NO_COMMON_BLOCKS = YES;
				GCC_OPTIMIZATION_LEVEL = 0;
				GCC_PREPROCESSOR_DEFINITIONS = (
					"DEBUG=1",
					"$(inherited)",
				);
				GCC_WARN_64_TO_32_BIT_CONVERSION = YES;
				GCC_WARN_ABOUT_RETURN_TYPE = YES_ERROR;
				GCC_WARN_UNDECLARED_SELECTOR = YES;
				GCC_WARN_UNINITIALIZED_AUTOS = YES_AGGRESSIVE;
				GCC_WARN_UNUSED_FUNCTION = YES;
				GCC_WARN_UNUSED_VARIABLE = YES;
				IPHONEOS_DEPLOYMENT_TARGET = 14.4;
				MTL_ENABLE_DEBUG_INFO = INCLUDE_SOURCE;
				MTL_FAST_MATH = YES;
				ONLY_ACTIVE_ARCH = YES;
				SDKROOT = iphoneos;
				SWIFT_ACTIVE_COMPILATION_CONDITIONS = DEBUG;
				SWIFT_OPTIMIZATION_LEVEL = "-Onone";
			};
			name = Debug;
		};
		3050D06D2603B18700B36104 /* Release */ = {
			isa = XCBuildConfiguration;
			buildSettings = {
				ALWAYS_SEARCH_USER_PATHS = NO;
				CLANG_ANALYZER_NONNULL = YES;
				CLANG_ANALYZER_NUMBER_OBJECT_CONVERSION = YES_AGGRESSIVE;
				CLANG_CXX_LANGUAGE_STANDARD = "gnu++14";
				CLANG_CXX_LIBRARY = "libc++";
				CLANG_ENABLE_MODULES = YES;
				CLANG_ENABLE_OBJC_ARC = YES;
				CLANG_ENABLE_OBJC_WEAK = YES;
				CLANG_WARN_BLOCK_CAPTURE_AUTORELEASING = YES;
				CLANG_WARN_BOOL_CONVERSION = YES;
				CLANG_WARN_COMMA = YES;
				CLANG_WARN_CONSTANT_CONVERSION = YES;
				CLANG_WARN_DEPRECATED_OBJC_IMPLEMENTATIONS = YES;
				CLANG_WARN_DIRECT_OBJC_ISA_USAGE = YES_ERROR;
				CLANG_WARN_DOCUMENTATION_COMMENTS = YES;
				CLANG_WARN_EMPTY_BODY = YES;
				CLANG_WARN_ENUM_CONVERSION = YES;
				CLANG_WARN_INFINITE_RECURSION = YES;
				CLANG_WARN_INT_CONVERSION = YES;
				CLANG_WARN_NON_LITERAL_NULL_CONVERSION = YES;
				CLANG_WARN_OBJC_IMPLICIT_RETAIN_SELF = YES;
				CLANG_WARN_OBJC_LITERAL_CONVERSION = YES;
				CLANG_WARN_OBJC_ROOT_CLASS = YES_ERROR;
				CLANG_WARN_QUOTED_INCLUDE_IN_FRAMEWORK_HEADER = YES;
				CLANG_WARN_RANGE_LOOP_ANALYSIS = YES;
				CLANG_WARN_STRICT_PROTOTYPES = YES;
				CLANG_WARN_SUSPICIOUS_MOVE = YES;
				CLANG_WARN_UNGUARDED_AVAILABILITY = YES_AGGRESSIVE;
				CLANG_WARN_UNREACHABLE_CODE = YES;
				CLANG_WARN__DUPLICATE_METHOD_MATCH = YES;
				COPY_PHASE_STRIP = NO;
				DEBUG_INFORMATION_FORMAT = "dwarf-with-dsym";
				ENABLE_NS_ASSERTIONS = NO;
				ENABLE_STRICT_OBJC_MSGSEND = YES;
				GCC_C_LANGUAGE_STANDARD = gnu11;
				GCC_NO_COMMON_BLOCKS = YES;
				GCC_WARN_64_TO_32_BIT_CONVERSION = YES;
				GCC_WARN_ABOUT_RETURN_TYPE = YES_ERROR;
				GCC_WARN_UNDECLARED_SELECTOR = YES;
				GCC_WARN_UNINITIALIZED_AUTOS = YES_AGGRESSIVE;
				GCC_WARN_UNUSED_FUNCTION = YES;
				GCC_WARN_UNUSED_VARIABLE = YES;
				IPHONEOS_DEPLOYMENT_TARGET = 14.4;
				MTL_ENABLE_DEBUG_INFO = NO;
				MTL_FAST_MATH = YES;
				SDKROOT = iphoneos;
				SWIFT_COMPILATION_MODE = wholemodule;
				SWIFT_OPTIMIZATION_LEVEL = "-O";
				VALIDATE_PRODUCT = YES;
			};
			name = Release;
		};
		3050D06F2603B18700B36104 /* Debug */ = {
			isa = XCBuildConfiguration;
			buildSettings = {
				ASSETCATALOG_COMPILER_APPICON_NAME = AppIcon;
				ASSETCATALOG_COMPILER_GLOBAL_ACCENT_COLOR_NAME = AccentColor;
				CODE_SIGN_STYLE = Automatic;
				INFOPLIST_FILE = GitHubActionProject/Info.plist;
				LD_RUNPATH_SEARCH_PATHS = (
					"$(inherited)",
					"@executable_path/Frameworks",
				);
				PRODUCT_BUNDLE_IDENTIFIER = rs.GitHubActionProject;
				PRODUCT_NAME = "$(TARGET_NAME)";
				SWIFT_VERSION = 5.0;
				TARGETED_DEVICE_FAMILY = "1,2";
			};
			name = Debug;
		};
		3050D0702603B18700B36104 /* Release */ = {
			isa = XCBuildConfiguration;
			buildSettings = {
				ASSETCATALOG_COMPILER_APPICON_NAME = AppIcon;
				ASSETCATALOG_COMPILER_GLOBAL_ACCENT_COLOR_NAME = AccentColor;
				CODE_SIGN_STYLE = Automatic;
				INFOPLIST_FILE = GitHubActionProject/Info.plist;
				LD_RUNPATH_SEARCH_PATHS = (
					"$(inherited)",
					"@executable_path/Frameworks",
				);
				PRODUCT_BUNDLE_IDENTIFIER = rs.GitHubActionProject;
				PRODUCT_NAME = "$(TARGET_NAME)";
				SWIFT_VERSION = 5.0;
				TARGETED_DEVICE_FAMILY = "1,2";
			};
			name = Release;
		};
		3050D0722603B18700B36104 /* Debug */ = {
			isa = XCBuildConfiguration;
			buildSettings = {
				ALWAYS_EMBED_SWIFT_STANDARD_LIBRARIES = YES;
				BUNDLE_LOADER = "$(TEST_HOST)";
				CODE_SIGN_STYLE = Automatic;
				INFOPLIST_FILE = GitHubActionProjectTests/Info.plist;
				IPHONEOS_DEPLOYMENT_TARGET = 14.4;
				LD_RUNPATH_SEARCH_PATHS = (
					"$(inherited)",
					"@executable_path/Frameworks",
					"@loader_path/Frameworks",
				);
				PRODUCT_BUNDLE_IDENTIFIER = rs.GitHubActionProjectTests;
				PRODUCT_NAME = "$(TARGET_NAME)";
				SWIFT_VERSION = 5.0;
				TARGETED_DEVICE_FAMILY = "1,2";
				TEST_HOST = "$(BUILT_PRODUCTS_DIR)/GitHubActionProject.app/GitHubActionProject";
			};
			name = Debug;
		};
		3050D0732603B18700B36104 /* Release */ = {
			isa = XCBuildConfiguration;
			buildSettings = {
				ALWAYS_EMBED_SWIFT_STANDARD_LIBRARIES = YES;
				BUNDLE_LOADER = "$(TEST_HOST)";
				CODE_SIGN_STYLE = Automatic;
				INFOPLIST_FILE = GitHubActionProjectTests/Info.plist;
				IPHONEOS_DEPLOYMENT_TARGET = 14.4;
				LD_RUNPATH_SEARCH_PATHS = (
					"$(inherited)",
					"@executable_path/Frameworks",
					"@loader_path/Frameworks",
				);
				PRODUCT_BUNDLE_IDENTIFIER = rs.GitHubActionProjectTests;
				PRODUCT_NAME = "$(TARGET_NAME)";
				SWIFT_VERSION = 5.0;
				TARGETED_DEVICE_FAMILY = "1,2";
				TEST_HOST = "$(BUILT_PRODUCTS_DIR)/GitHubActionProject.app/GitHubActionProject";
			};
			name = Release;
		};
		3050D0752603B18700B36104 /* Debug */ = {
			isa = XCBuildConfiguration;
			buildSettings = {
				ALWAYS_EMBED_SWIFT_STANDARD_LIBRARIES = YES;
				CODE_SIGN_STYLE = Automatic;
				INFOPLIST_FILE = GitHubActionProjectUITests/Info.plist;
				LD_RUNPATH_SEARCH_PATHS = (
					"$(inherited)",
					"@executable_path/Frameworks",
					"@loader_path/Frameworks",
				);
				PRODUCT_BUNDLE_IDENTIFIER = rs.GitHubActionProjectUITests;
				PRODUCT_NAME = "$(TARGET_NAME)";
				SWIFT_VERSION = 5.0;
				TARGETED_DEVICE_FAMILY = "1,2";
				TEST_TARGET_NAME = GitHubActionProject;
			};
			name = Debug;
		};
		3050D0762603B18700B36104 /* Release */ = {
			isa = XCBuildConfiguration;
			buildSettings = {
				ALWAYS_EMBED_SWIFT_STANDARD_LIBRARIES = YES;
				CODE_SIGN_STYLE = Automatic;
				INFOPLIST_FILE = GitHubActionProjectUITests/Info.plist;
				LD_RUNPATH_SEARCH_PATHS = (
					"$(inherited)",
					"@executable_path/Frameworks",
					"@loader_path/Frameworks",
				);
				PRODUCT_BUNDLE_IDENTIFIER = rs.GitHubActionProjectUITests;
				PRODUCT_NAME = "$(TARGET_NAME)";
				SWIFT_VERSION = 5.0;
				TARGETED_DEVICE_FAMILY = "1,2";
				TEST_TARGET_NAME = GitHubActionProject;
			};
			name = Release;
		};
/* End XCBuildConfiguration section */

/* Begin XCConfigurationList section */
		3050D03F2603B18300B36104 /* Build configuration list for PBXProject "GitHubActionProject" */ = {
			isa = XCConfigurationList;
			buildConfigurations = (
				3050D06C2603B18700B36104 /* Debug */,
				3050D06D2603B18700B36104 /* Release */,
			);
			defaultConfigurationIsVisible = 0;
			defaultConfigurationName = Release;
		};
		3050D06E2603B18700B36104 /* Build configuration list for PBXNativeTarget "GitHubActionProject" */ = {
			isa = XCConfigurationList;
			buildConfigurations = (
				3050D06F2603B18700B36104 /* Debug */,
				3050D0702603B18700B36104 /* Release */,
			);
			defaultConfigurationIsVisible = 0;
			defaultConfigurationName = Release;
		};
		3050D0712603B18700B36104 /* Build configuration list for PBXNativeTarget "GitHubActionProjectTests" */ = {
			isa = XCConfigurationList;
			buildConfigurations = (
				3050D0722603B18700B36104 /* Debug */,
				3050D0732603B18700B36104 /* Release */,
			);
			defaultConfigurationIsVisible = 0;
			defaultConfigurationName = Release;
		};
		3050D0742603B18700B36104 /* Build configuration list for PBXNativeTarget "GitHubActionProjectUITests" */ = {
			isa = XCConfigurationList;
			buildConfigurations = (
				3050D0752603B18700B36104 /* Debug */,
				3050D0762603B18700B36104 /* Release */,
			);
			defaultConfigurationIsVisible = 0;
			defaultConfigurationName = Release;
		};
/* End XCConfigurationList section */
	};
	rootObject = 3050D03C2603B18300B36104 /* Project object */;
}
